
Microsoft Visual Studio Solution File, Format Version 12.00
# Visual Studio Version 16
VisualStudioVersion = 16.0.29920.165
MinimumVisualStudioVersion = 10.0.40219.1
Project("{FAE04EC0-301F-11D3-BF4B-00C04F79EFBC}") = "TrafficRush.Logic", "TrafficRush.Logic\TrafficRush.Logic.csproj", "{31C6D2F3-F7DE-4AD5-9B3B-0209D8D117DA}"
EndProject
Project("{FAE04EC0-301F-11D3-BF4B-00C04F79EFBC}") = "TrafficRush.Repository", "TrafficRush.Repository\TrafficRush.Repository.csproj", "{F727E39E-5E0A-49CA-A09D-5FF2614303FA}"
EndProject
Project("{FAE04EC0-301F-11D3-BF4B-00C04F79EFBC}") = "TrafficRush.Logic.Test", "TrafficRush.Logic.Test\TrafficRush.Logic.Test.csproj", "{E90FAB15-91A3-4FA5-9791-365B6EAC6CBA}"
EndProject
Project("{FAE04EC0-301F-11D3-BF4B-00C04F79EFBC}") = "TrafficRush", "TrafficRush\TrafficRush.csproj", "{291138A7-BE20-4994-8A4E-3B5598B5AFA2}"
EndProject
Project("{2150E333-8FDC-42A3-9474-1A3956D46DE8}") = "Solution Items", "Solution Items", "{30843A14-4B96-411C-995D-D23CC314DF8B}"
	ProjectSection(SolutionItems) = preProject
		.editorconfig = .editorconfig
	EndProjectSection
EndProject
Project("{FAE04EC0-301F-11D3-BF4B-00C04F79EFBC}") = "TrafficRush.Model", "TrafficRush.Model\TrafficRush.Model.csproj", "{D43C3022-E88C-4BFE-A0B7-EBE08533B063}"
EndProject
Global
	GlobalSection(SolutionConfigurationPlatforms) = preSolution
		Debug|Any CPU = Debug|Any CPU
		Release|Any CPU = Release|Any CPU
	EndGlobalSection
	GlobalSection(ProjectConfigurationPlatforms) = postSolution
		{31C6D2F3-F7DE-4AD5-9B3B-0209D8D117DA}.Debug|Any CPU.ActiveCfg = Debug|Any CPU
		{31C6D2F3-F7DE-4AD5-9B3B-0209D8D117DA}.Debug|Any CPU.Build.0 = Debug|Any CPU
		{31C6D2F3-F7DE-4AD5-9B3B-0209D8D117DA}.Release|Any CPU.ActiveCfg = Release|Any CPU
		{31C6D2F3-F7DE-4AD5-9B3B-0209D8D117DA}.Release|Any CPU.Build.0 = Release|Any CPU
		{F727E39E-5E0A-49CA-A09D-5FF2614303FA}.Debug|Any CPU.ActiveCfg = Debug|Any CPU
		{F727E39E-5E0A-49CA-A09D-5FF2614303FA}.Debug|Any CPU.Build.0 = Debug|Any CPU
		{F727E39E-5E0A-49CA-A09D-5FF2614303FA}.Release|Any CPU.ActiveCfg = Release|Any CPU
		{F727E39E-5E0A-49CA-A09D-5FF2614303FA}.Release|Any CPU.Build.0 = Release|Any CPU
		{E90FAB15-91A3-4FA5-9791-365B6EAC6CBA}.Debug|Any CPU.ActiveCfg = Debug|Any CPU
		{E90FAB15-91A3-4FA5-9791-365B6EAC6CBA}.Debug|Any CPU.Build.0 = Debug|Any CPU
		{E90FAB15-91A3-4FA5-9791-365B6EAC6CBA}.Release|Any CPU.ActiveCfg = Release|Any CPU
		{E90FAB15-91A3-4FA5-9791-365B6EAC6CBA}.Release|Any CPU.Build.0 = Release|Any CPU
		{291138A7-BE20-4994-8A4E-3B5598B5AFA2}.Debug|Any CPU.ActiveCfg = Debug|Any CPU
		{291138A7-BE20-4994-8A4E-3B5598B5AFA2}.Debug|Any CPU.Build.0 = Debug|Any CPU
		{291138A7-BE20-4994-8A4E-3B5598B5AFA2}.Release|Any CPU.ActiveCfg = Release|Any CPU
		{291138A7-BE20-4994-8A4E-3B5598B5AFA2}.Release|Any CPU.Build.0 = Release|Any CPU
		{D43C3022-E88C-4BFE-A0B7-EBE08533B063}.Debug|Any CPU.ActiveCfg = Debug|Any CPU
		{D43C3022-E88C-4BFE-A0B7-EBE08533B063}.Debug|Any CPU.Build.0 = Debug|Any CPU
		{D43C3022-E88C-4BFE-A0B7-EBE08533B063}.Release|Any CPU.ActiveCfg = Release|Any CPU
		{D43C3022-E88C-4BFE-A0B7-EBE08533B063}.Release|Any CPU.Build.0 = Release|Any CPU
	EndGlobalSection
	GlobalSection(SolutionProperties) = preSolution
		HideSolutionNode = FALSE
	EndGlobalSection
	GlobalSection(ExtensibilityGlobals) = postSolution
		SolutionGuid = {78269C2E-DE02-4F18-96B8-E1261103A992}
	EndGlobalSection
EndGlobal
